
Microsoft Visual Studio Solution File, Format Version 12.00
# Visual Studio 15
VisualStudioVersion = 15.0.27130.2036
MinimumVisualStudioVersion = 10.0.40219.1
Project("{FAE04EC0-301F-11D3-BF4B-00C04F79EFBC}") = "Mapsui", "Mapsui\Mapsui.csproj", "{D74C052A-C07E-4B37-A898-134218ACA5C9}"
EndProject
Project("{2150E333-8FDC-42A3-9474-1A3956D46DE8}") = "Tests", "Tests", "{F7130D3D-4E62-4EB3-B74C-1E819E017048}"
EndProject
Project("{FAE04EC0-301F-11D3-BF4B-00C04F79EFBC}") = "Mapsui.Tests", "Tests\Mapsui.Tests\Mapsui.Tests.csproj", "{512DB2DB-61A0-4723-A6AC-E9AE23243283}"
EndProject
Project("{FAE04EC0-301F-11D3-BF4B-00C04F79EFBC}") = "Mapsui.Rendering.Xaml.Tests", "Tests\Mapsui.Rendering.Xaml.Tests\Mapsui.Rendering.Xaml.Tests.csproj", "{3F5F1E88-DA00-40C3-9F19-8582B5D516D7}"
EndProject
Project("{FAE04EC0-301F-11D3-BF4B-00C04F79EFBC}") = "Mapsui.Tests.Common", "Tests\Mapsui.Tests.Common\Mapsui.Tests.Common.csproj", "{81BB36D2-4D01-44E3-9024-E7CBD10DA316}"
EndProject
Project("{FAE04EC0-301F-11D3-BF4B-00C04F79EFBC}") = "Mapsui.Desktop", "Mapsui.Desktop\Mapsui.Desktop.csproj", "{8BD54487-8DB9-431A-9596-2DFD744887A1}"
EndProject
Project("{FAE04EC0-301F-11D3-BF4B-00C04F79EFBC}") = "Mapsui.Rendering.Xaml", "Mapsui.Rendering.Xaml\Mapsui.Rendering.Xaml.csproj", "{5DC32B05-0B6E-478F-A9FB-57762AA2F814}"
EndProject
Project("{FAE04EC0-301F-11D3-BF4B-00C04F79EFBC}") = "Mapsui.Geometries", "Mapsui.Geometries\Mapsui.Geometries.csproj", "{EE55B62D-FFA2-4C24-A4AD-7A47ACE55CE5}"
EndProject
Project("{FAE04EC0-301F-11D3-BF4B-00C04F79EFBC}") = "Mapsui.Rendering.Skia.Tests", "Tests\Mapsui.Rendering.Skia.Tests\Mapsui.Rendering.Skia.Tests.csproj", "{53A4E033-F814-46CC-8105-DAC289524455}"
EndProject
Project("{2150E333-8FDC-42A3-9474-1A3956D46DE8}") = "Solution Items", "Solution Items", "{45FC7141-9D40-43F2-8EE2-2BF3B37F7557}"
	ProjectSection(SolutionItems) = preProject
		.bumpyconfig = .bumpyconfig
		.clabot = .clabot
		.gitattributes = .gitattributes
		.gitignore = .gitignore
		licence.txt = licence.txt
		Mapsui.ncrunchsolution = Mapsui.ncrunchsolution
		Mapsui.sln.DotSettings = Mapsui.sln.DotSettings
		README.md = README.md
	EndProjectSection
EndProject
Project("{FAE04EC0-301F-11D3-BF4B-00C04F79EFBC}") = "Mapsui.Rendering.Skia", "Mapsui.Rendering.Skia\Mapsui.Rendering.Skia.csproj", "{B4F5CDC7-8D34-4B7E-BE62-206FC716D4FF}"
EndProject
Project("{FAE04EC0-301F-11D3-BF4B-00C04F79EFBC}") = "Mapsui.Desktop.Tests", "Tests\Mapsui.Desktop.Tests\Mapsui.Desktop.Tests.csproj", "{FF1A03F0-8C0C-4FAB-A229-42AD625B5456}"
EndProject
Project("{FAE04EC0-301F-11D3-BF4B-00C04F79EFBC}") = "Mapsui.UI.Wpf", "Mapsui.UI.Wpf\Mapsui.UI.Wpf.csproj", "{AE693902-FEDA-4034-A7C5-9AA9872F7878}"
EndProject
Project("{FAE04EC0-301F-11D3-BF4B-00C04F79EFBC}") = "Mapsui.Geometries.Tests", "Tests\Mapsui.Geometries.Tests\Mapsui.Geometries.Tests.csproj", "{46519792-2F00-4FB7-99EF-1465AC7B8994}"
EndProject
Project("{2150E333-8FDC-42A3-9474-1A3956D46DE8}") = "NuSpec", "NuSpec", "{D90027DD-A6D6-4C32-91DC-237B55141EB8}"
	ProjectSection(SolutionItems) = preProject
		NuSpec\Mapsui.nuspec = NuSpec\Mapsui.nuspec
	EndProjectSection
EndProject
Project("{D954291E-2A0B-460D-934E-DC6B0785DB48}") = "Mapsui.UI.Shared", "Mapsui.UI.Shared\Mapsui.UI.Shared.shproj", "{239F2B0D-13CB-4BCF-83BF-F52D696A47B7}"
EndProject
Global
	GlobalSection(SharedMSBuildProjectFiles) = preSolution
		Mapsui.UI.Shared\Mapsui.UI.Shared.projitems*{239f2b0d-13cb-4bcf-83bf-f52d696a47b7}*SharedItemsImports = 13
		Mapsui.UI.Shared\Mapsui.UI.Shared.projitems*{ae693902-feda-4034-a7c5-9aa9872f7878}*SharedItemsImports = 4
	EndGlobalSection
	GlobalSection(SolutionConfigurationPlatforms) = preSolution
		Debug|AnyCPU = Debug|AnyCPU
		Debug|ARM = Debug|ARM
		Debug|x64 = Debug|x64
		Debug|x86 = Debug|x86
		Release|AnyCPU = Release|AnyCPU
		Release|ARM = Release|ARM
		Release|x64 = Release|x64
		Release|x86 = Release|x86
	EndGlobalSection
	GlobalSection(ProjectConfigurationPlatforms) = postSolution
		{D74C052A-C07E-4B37-A898-134218ACA5C9}.Debug|AnyCPU.ActiveCfg = Debug|Any CPU
		{D74C052A-C07E-4B37-A898-134218ACA5C9}.Debug|AnyCPU.Build.0 = Debug|Any CPU
		{D74C052A-C07E-4B37-A898-134218ACA5C9}.Debug|ARM.ActiveCfg = Debug|Any CPU
		{D74C052A-C07E-4B37-A898-134218ACA5C9}.Debug|ARM.Build.0 = Debug|Any CPU
		{D74C052A-C07E-4B37-A898-134218ACA5C9}.Debug|x64.ActiveCfg = Debug|Any CPU
		{D74C052A-C07E-4B37-A898-134218ACA5C9}.Debug|x64.Build.0 = Debug|Any CPU
		{D74C052A-C07E-4B37-A898-134218ACA5C9}.Debug|x86.ActiveCfg = Debug|Any CPU
		{D74C052A-C07E-4B37-A898-134218ACA5C9}.Debug|x86.Build.0 = Debug|Any CPU
		{D74C052A-C07E-4B37-A898-134218ACA5C9}.Release|AnyCPU.ActiveCfg = Release|Any CPU
		{D74C052A-C07E-4B37-A898-134218ACA5C9}.Release|AnyCPU.Build.0 = Release|Any CPU
		{D74C052A-C07E-4B37-A898-134218ACA5C9}.Release|ARM.ActiveCfg = Release|Any CPU
		{D74C052A-C07E-4B37-A898-134218ACA5C9}.Release|ARM.Build.0 = Release|Any CPU
		{D74C052A-C07E-4B37-A898-134218ACA5C9}.Release|x64.ActiveCfg = Release|Any CPU
		{D74C052A-C07E-4B37-A898-134218ACA5C9}.Release|x64.Build.0 = Release|Any CPU
		{D74C052A-C07E-4B37-A898-134218ACA5C9}.Release|x86.ActiveCfg = Release|Any CPU
		{D74C052A-C07E-4B37-A898-134218ACA5C9}.Release|x86.Build.0 = Release|Any CPU
		{512DB2DB-61A0-4723-A6AC-E9AE23243283}.Debug|AnyCPU.ActiveCfg = Debug|Any CPU
		{512DB2DB-61A0-4723-A6AC-E9AE23243283}.Debug|AnyCPU.Build.0 = Debug|Any CPU
		{512DB2DB-61A0-4723-A6AC-E9AE23243283}.Debug|ARM.ActiveCfg = Debug|Any CPU
		{512DB2DB-61A0-4723-A6AC-E9AE23243283}.Debug|ARM.Build.0 = Debug|Any CPU
		{512DB2DB-61A0-4723-A6AC-E9AE23243283}.Debug|x64.ActiveCfg = Debug|Any CPU
		{512DB2DB-61A0-4723-A6AC-E9AE23243283}.Debug|x64.Build.0 = Debug|Any CPU
		{512DB2DB-61A0-4723-A6AC-E9AE23243283}.Debug|x86.ActiveCfg = Debug|Any CPU
		{512DB2DB-61A0-4723-A6AC-E9AE23243283}.Debug|x86.Build.0 = Debug|Any CPU
		{512DB2DB-61A0-4723-A6AC-E9AE23243283}.Release|AnyCPU.ActiveCfg = Release|Any CPU
		{512DB2DB-61A0-4723-A6AC-E9AE23243283}.Release|AnyCPU.Build.0 = Release|Any CPU
		{512DB2DB-61A0-4723-A6AC-E9AE23243283}.Release|ARM.ActiveCfg = Release|Any CPU
		{512DB2DB-61A0-4723-A6AC-E9AE23243283}.Release|ARM.Build.0 = Release|Any CPU
		{512DB2DB-61A0-4723-A6AC-E9AE23243283}.Release|x64.ActiveCfg = Release|Any CPU
		{512DB2DB-61A0-4723-A6AC-E9AE23243283}.Release|x64.Build.0 = Release|Any CPU
		{512DB2DB-61A0-4723-A6AC-E9AE23243283}.Release|x86.ActiveCfg = Release|Any CPU
		{512DB2DB-61A0-4723-A6AC-E9AE23243283}.Release|x86.Build.0 = Release|Any CPU
		{3F5F1E88-DA00-40C3-9F19-8582B5D516D7}.Debug|AnyCPU.ActiveCfg = Debug|Any CPU
		{3F5F1E88-DA00-40C3-9F19-8582B5D516D7}.Debug|AnyCPU.Build.0 = Debug|Any CPU
		{3F5F1E88-DA00-40C3-9F19-8582B5D516D7}.Debug|ARM.ActiveCfg = Debug|Any CPU
		{3F5F1E88-DA00-40C3-9F19-8582B5D516D7}.Debug|ARM.Build.0 = Debug|Any CPU
		{3F5F1E88-DA00-40C3-9F19-8582B5D516D7}.Debug|x64.ActiveCfg = Debug|Any CPU
		{3F5F1E88-DA00-40C3-9F19-8582B5D516D7}.Debug|x64.Build.0 = Debug|Any CPU
		{3F5F1E88-DA00-40C3-9F19-8582B5D516D7}.Debug|x86.ActiveCfg = Debug|Any CPU
		{3F5F1E88-DA00-40C3-9F19-8582B5D516D7}.Debug|x86.Build.0 = Debug|Any CPU
		{3F5F1E88-DA00-40C3-9F19-8582B5D516D7}.Release|AnyCPU.ActiveCfg = Release|Any CPU
		{3F5F1E88-DA00-40C3-9F19-8582B5D516D7}.Release|AnyCPU.Build.0 = Release|Any CPU
		{3F5F1E88-DA00-40C3-9F19-8582B5D516D7}.Release|ARM.ActiveCfg = Release|Any CPU
		{3F5F1E88-DA00-40C3-9F19-8582B5D516D7}.Release|ARM.Build.0 = Release|Any CPU
		{3F5F1E88-DA00-40C3-9F19-8582B5D516D7}.Release|x64.ActiveCfg = Release|Any CPU
		{3F5F1E88-DA00-40C3-9F19-8582B5D516D7}.Release|x64.Build.0 = Release|Any CPU
		{3F5F1E88-DA00-40C3-9F19-8582B5D516D7}.Release|x86.ActiveCfg = Release|Any CPU
		{3F5F1E88-DA00-40C3-9F19-8582B5D516D7}.Release|x86.Build.0 = Release|Any CPU
		{81BB36D2-4D01-44E3-9024-E7CBD10DA316}.Debug|AnyCPU.ActiveCfg = Debug|Any CPU
		{81BB36D2-4D01-44E3-9024-E7CBD10DA316}.Debug|AnyCPU.Build.0 = Debug|Any CPU
		{81BB36D2-4D01-44E3-9024-E7CBD10DA316}.Debug|ARM.ActiveCfg = Debug|Any CPU
		{81BB36D2-4D01-44E3-9024-E7CBD10DA316}.Debug|ARM.Build.0 = Debug|Any CPU
		{81BB36D2-4D01-44E3-9024-E7CBD10DA316}.Debug|x64.ActiveCfg = Debug|Any CPU
		{81BB36D2-4D01-44E3-9024-E7CBD10DA316}.Debug|x64.Build.0 = Debug|Any CPU
		{81BB36D2-4D01-44E3-9024-E7CBD10DA316}.Debug|x86.ActiveCfg = Debug|Any CPU
		{81BB36D2-4D01-44E3-9024-E7CBD10DA316}.Debug|x86.Build.0 = Debug|Any CPU
		{81BB36D2-4D01-44E3-9024-E7CBD10DA316}.Release|AnyCPU.ActiveCfg = Release|Any CPU
		{81BB36D2-4D01-44E3-9024-E7CBD10DA316}.Release|AnyCPU.Build.0 = Release|Any CPU
		{81BB36D2-4D01-44E3-9024-E7CBD10DA316}.Release|ARM.ActiveCfg = Release|Any CPU
		{81BB36D2-4D01-44E3-9024-E7CBD10DA316}.Release|ARM.Build.0 = Release|Any CPU
		{81BB36D2-4D01-44E3-9024-E7CBD10DA316}.Release|x64.ActiveCfg = Release|Any CPU
		{81BB36D2-4D01-44E3-9024-E7CBD10DA316}.Release|x64.Build.0 = Release|Any CPU
		{81BB36D2-4D01-44E3-9024-E7CBD10DA316}.Release|x86.ActiveCfg = Release|Any CPU
		{81BB36D2-4D01-44E3-9024-E7CBD10DA316}.Release|x86.Build.0 = Release|Any CPU
		{8BD54487-8DB9-431A-9596-2DFD744887A1}.Debug|AnyCPU.ActiveCfg = Debug|Any CPU
		{8BD54487-8DB9-431A-9596-2DFD744887A1}.Debug|AnyCPU.Build.0 = Debug|Any CPU
		{8BD54487-8DB9-431A-9596-2DFD744887A1}.Debug|ARM.ActiveCfg = Debug|Any CPU
		{8BD54487-8DB9-431A-9596-2DFD744887A1}.Debug|ARM.Build.0 = Debug|Any CPU
		{8BD54487-8DB9-431A-9596-2DFD744887A1}.Debug|x64.ActiveCfg = Debug|Any CPU
		{8BD54487-8DB9-431A-9596-2DFD744887A1}.Debug|x64.Build.0 = Debug|Any CPU
		{8BD54487-8DB9-431A-9596-2DFD744887A1}.Debug|x86.ActiveCfg = Debug|Any CPU
		{8BD54487-8DB9-431A-9596-2DFD744887A1}.Debug|x86.Build.0 = Debug|Any CPU
		{8BD54487-8DB9-431A-9596-2DFD744887A1}.Release|AnyCPU.ActiveCfg = Release|Any CPU
		{8BD54487-8DB9-431A-9596-2DFD744887A1}.Release|AnyCPU.Build.0 = Release|Any CPU
		{8BD54487-8DB9-431A-9596-2DFD744887A1}.Release|ARM.ActiveCfg = Release|Any CPU
		{8BD54487-8DB9-431A-9596-2DFD744887A1}.Release|ARM.Build.0 = Release|Any CPU
		{8BD54487-8DB9-431A-9596-2DFD744887A1}.Release|x64.ActiveCfg = Release|Any CPU
		{8BD54487-8DB9-431A-9596-2DFD744887A1}.Release|x64.Build.0 = Release|Any CPU
		{8BD54487-8DB9-431A-9596-2DFD744887A1}.Release|x86.ActiveCfg = Release|Any CPU
		{8BD54487-8DB9-431A-9596-2DFD744887A1}.Release|x86.Build.0 = Release|Any CPU
		{5DC32B05-0B6E-478F-A9FB-57762AA2F814}.Debug|AnyCPU.ActiveCfg = Debug|Any CPU
		{5DC32B05-0B6E-478F-A9FB-57762AA2F814}.Debug|AnyCPU.Build.0 = Debug|Any CPU
		{5DC32B05-0B6E-478F-A9FB-57762AA2F814}.Debug|ARM.ActiveCfg = Debug|Any CPU
		{5DC32B05-0B6E-478F-A9FB-57762AA2F814}.Debug|ARM.Build.0 = Debug|Any CPU
		{5DC32B05-0B6E-478F-A9FB-57762AA2F814}.Debug|x64.ActiveCfg = Debug|Any CPU
		{5DC32B05-0B6E-478F-A9FB-57762AA2F814}.Debug|x64.Build.0 = Debug|Any CPU
		{5DC32B05-0B6E-478F-A9FB-57762AA2F814}.Debug|x86.ActiveCfg = Debug|Any CPU
		{5DC32B05-0B6E-478F-A9FB-57762AA2F814}.Debug|x86.Build.0 = Debug|Any CPU
		{5DC32B05-0B6E-478F-A9FB-57762AA2F814}.Release|AnyCPU.ActiveCfg = Release|Any CPU
		{5DC32B05-0B6E-478F-A9FB-57762AA2F814}.Release|AnyCPU.Build.0 = Release|Any CPU
		{5DC32B05-0B6E-478F-A9FB-57762AA2F814}.Release|ARM.ActiveCfg = Release|Any CPU
		{5DC32B05-0B6E-478F-A9FB-57762AA2F814}.Release|ARM.Build.0 = Release|Any CPU
		{5DC32B05-0B6E-478F-A9FB-57762AA2F814}.Release|x64.ActiveCfg = Release|Any CPU
		{5DC32B05-0B6E-478F-A9FB-57762AA2F814}.Release|x64.Build.0 = Release|Any CPU
		{5DC32B05-0B6E-478F-A9FB-57762AA2F814}.Release|x86.ActiveCfg = Release|Any CPU
		{5DC32B05-0B6E-478F-A9FB-57762AA2F814}.Release|x86.Build.0 = Release|Any CPU
		{EE55B62D-FFA2-4C24-A4AD-7A47ACE55CE5}.Debug|AnyCPU.ActiveCfg = Debug|Any CPU
		{EE55B62D-FFA2-4C24-A4AD-7A47ACE55CE5}.Debug|AnyCPU.Build.0 = Debug|Any CPU
		{EE55B62D-FFA2-4C24-A4AD-7A47ACE55CE5}.Debug|ARM.ActiveCfg = Debug|Any CPU
		{EE55B62D-FFA2-4C24-A4AD-7A47ACE55CE5}.Debug|ARM.Build.0 = Debug|Any CPU
		{EE55B62D-FFA2-4C24-A4AD-7A47ACE55CE5}.Debug|x64.ActiveCfg = Debug|Any CPU
		{EE55B62D-FFA2-4C24-A4AD-7A47ACE55CE5}.Debug|x64.Build.0 = Debug|Any CPU
		{EE55B62D-FFA2-4C24-A4AD-7A47ACE55CE5}.Debug|x86.ActiveCfg = Debug|Any CPU
		{EE55B62D-FFA2-4C24-A4AD-7A47ACE55CE5}.Debug|x86.Build.0 = Debug|Any CPU
		{EE55B62D-FFA2-4C24-A4AD-7A47ACE55CE5}.Release|AnyCPU.ActiveCfg = Release|Any CPU
		{EE55B62D-FFA2-4C24-A4AD-7A47ACE55CE5}.Release|AnyCPU.Build.0 = Release|Any CPU
		{EE55B62D-FFA2-4C24-A4AD-7A47ACE55CE5}.Release|ARM.ActiveCfg = Release|Any CPU
		{EE55B62D-FFA2-4C24-A4AD-7A47ACE55CE5}.Release|ARM.Build.0 = Release|Any CPU
		{EE55B62D-FFA2-4C24-A4AD-7A47ACE55CE5}.Release|x64.ActiveCfg = Release|Any CPU
		{EE55B62D-FFA2-4C24-A4AD-7A47ACE55CE5}.Release|x64.Build.0 = Release|Any CPU
		{EE55B62D-FFA2-4C24-A4AD-7A47ACE55CE5}.Release|x86.ActiveCfg = Release|Any CPU
		{EE55B62D-FFA2-4C24-A4AD-7A47ACE55CE5}.Release|x86.Build.0 = Release|Any CPU
		{53A4E033-F814-46CC-8105-DAC289524455}.Debug|AnyCPU.ActiveCfg = Debug|Any CPU
		{53A4E033-F814-46CC-8105-DAC289524455}.Debug|AnyCPU.Build.0 = Debug|Any CPU
		{53A4E033-F814-46CC-8105-DAC289524455}.Debug|ARM.ActiveCfg = Debug|Any CPU
		{53A4E033-F814-46CC-8105-DAC289524455}.Debug|ARM.Build.0 = Debug|Any CPU
		{53A4E033-F814-46CC-8105-DAC289524455}.Debug|x64.ActiveCfg = Debug|x64
		{53A4E033-F814-46CC-8105-DAC289524455}.Debug|x64.Build.0 = Debug|x64
		{53A4E033-F814-46CC-8105-DAC289524455}.Debug|x86.ActiveCfg = Debug|x86
		{53A4E033-F814-46CC-8105-DAC289524455}.Debug|x86.Build.0 = Debug|x86
		{53A4E033-F814-46CC-8105-DAC289524455}.Release|AnyCPU.ActiveCfg = Release|Any CPU
		{53A4E033-F814-46CC-8105-DAC289524455}.Release|AnyCPU.Build.0 = Release|Any CPU
		{53A4E033-F814-46CC-8105-DAC289524455}.Release|ARM.ActiveCfg = Release|Any CPU
		{53A4E033-F814-46CC-8105-DAC289524455}.Release|ARM.Build.0 = Release|Any CPU
		{53A4E033-F814-46CC-8105-DAC289524455}.Release|x64.ActiveCfg = Release|x64
		{53A4E033-F814-46CC-8105-DAC289524455}.Release|x64.Build.0 = Release|x64
		{53A4E033-F814-46CC-8105-DAC289524455}.Release|x86.ActiveCfg = Release|x86
		{53A4E033-F814-46CC-8105-DAC289524455}.Release|x86.Build.0 = Release|x86
		{B4F5CDC7-8D34-4B7E-BE62-206FC716D4FF}.Debug|AnyCPU.ActiveCfg = Debug|Any CPU
		{B4F5CDC7-8D34-4B7E-BE62-206FC716D4FF}.Debug|AnyCPU.Build.0 = Debug|Any CPU
		{B4F5CDC7-8D34-4B7E-BE62-206FC716D4FF}.Debug|ARM.ActiveCfg = Debug|Any CPU
		{B4F5CDC7-8D34-4B7E-BE62-206FC716D4FF}.Debug|ARM.Build.0 = Debug|Any CPU
		{B4F5CDC7-8D34-4B7E-BE62-206FC716D4FF}.Debug|x64.ActiveCfg = Debug|Any CPU
		{B4F5CDC7-8D34-4B7E-BE62-206FC716D4FF}.Debug|x64.Build.0 = Debug|Any CPU
		{B4F5CDC7-8D34-4B7E-BE62-206FC716D4FF}.Debug|x86.ActiveCfg = Debug|Any CPU
		{B4F5CDC7-8D34-4B7E-BE62-206FC716D4FF}.Debug|x86.Build.0 = Debug|Any CPU
		{B4F5CDC7-8D34-4B7E-BE62-206FC716D4FF}.Release|AnyCPU.ActiveCfg = Release|Any CPU
		{B4F5CDC7-8D34-4B7E-BE62-206FC716D4FF}.Release|AnyCPU.Build.0 = Release|Any CPU
		{B4F5CDC7-8D34-4B7E-BE62-206FC716D4FF}.Release|ARM.ActiveCfg = Release|Any CPU
		{B4F5CDC7-8D34-4B7E-BE62-206FC716D4FF}.Release|ARM.Build.0 = Release|Any CPU
		{B4F5CDC7-8D34-4B7E-BE62-206FC716D4FF}.Release|x64.ActiveCfg = Release|Any CPU
		{B4F5CDC7-8D34-4B7E-BE62-206FC716D4FF}.Release|x64.Build.0 = Release|Any CPU
		{B4F5CDC7-8D34-4B7E-BE62-206FC716D4FF}.Release|x86.ActiveCfg = Release|Any CPU
		{B4F5CDC7-8D34-4B7E-BE62-206FC716D4FF}.Release|x86.Build.0 = Release|Any CPU
		{FF1A03F0-8C0C-4FAB-A229-42AD625B5456}.Debug|AnyCPU.ActiveCfg = Debug|Any CPU
		{FF1A03F0-8C0C-4FAB-A229-42AD625B5456}.Debug|AnyCPU.Build.0 = Debug|Any CPU
		{FF1A03F0-8C0C-4FAB-A229-42AD625B5456}.Debug|ARM.ActiveCfg = Debug|Any CPU
		{FF1A03F0-8C0C-4FAB-A229-42AD625B5456}.Debug|ARM.Build.0 = Debug|Any CPU
		{FF1A03F0-8C0C-4FAB-A229-42AD625B5456}.Debug|x64.ActiveCfg = Debug|Any CPU
		{FF1A03F0-8C0C-4FAB-A229-42AD625B5456}.Debug|x64.Build.0 = Debug|Any CPU
		{FF1A03F0-8C0C-4FAB-A229-42AD625B5456}.Debug|x86.ActiveCfg = Debug|Any CPU
		{FF1A03F0-8C0C-4FAB-A229-42AD625B5456}.Debug|x86.Build.0 = Debug|Any CPU
		{FF1A03F0-8C0C-4FAB-A229-42AD625B5456}.Release|AnyCPU.ActiveCfg = Release|Any CPU
		{FF1A03F0-8C0C-4FAB-A229-42AD625B5456}.Release|AnyCPU.Build.0 = Release|Any CPU
		{FF1A03F0-8C0C-4FAB-A229-42AD625B5456}.Release|ARM.ActiveCfg = Release|Any CPU
		{FF1A03F0-8C0C-4FAB-A229-42AD625B5456}.Release|ARM.Build.0 = Release|Any CPU
		{FF1A03F0-8C0C-4FAB-A229-42AD625B5456}.Release|x64.ActiveCfg = Release|Any CPU
		{FF1A03F0-8C0C-4FAB-A229-42AD625B5456}.Release|x64.Build.0 = Release|Any CPU
		{FF1A03F0-8C0C-4FAB-A229-42AD625B5456}.Release|x86.ActiveCfg = Release|Any CPU
		{FF1A03F0-8C0C-4FAB-A229-42AD625B5456}.Release|x86.Build.0 = Release|Any CPU
		{AE693902-FEDA-4034-A7C5-9AA9872F7878}.Debug|AnyCPU.ActiveCfg = Debug|Any CPU
		{AE693902-FEDA-4034-A7C5-9AA9872F7878}.Debug|AnyCPU.Build.0 = Debug|Any CPU
		{AE693902-FEDA-4034-A7C5-9AA9872F7878}.Debug|ARM.ActiveCfg = Debug|Any CPU
		{AE693902-FEDA-4034-A7C5-9AA9872F7878}.Debug|ARM.Build.0 = Debug|Any CPU
		{AE693902-FEDA-4034-A7C5-9AA9872F7878}.Debug|x64.ActiveCfg = Debug|Any CPU
		{AE693902-FEDA-4034-A7C5-9AA9872F7878}.Debug|x64.Build.0 = Debug|Any CPU
		{AE693902-FEDA-4034-A7C5-9AA9872F7878}.Debug|x86.ActiveCfg = Debug|Any CPU
		{AE693902-FEDA-4034-A7C5-9AA9872F7878}.Debug|x86.Build.0 = Debug|Any CPU
		{AE693902-FEDA-4034-A7C5-9AA9872F7878}.Release|AnyCPU.ActiveCfg = Release|Any CPU
		{AE693902-FEDA-4034-A7C5-9AA9872F7878}.Release|AnyCPU.Build.0 = Release|Any CPU
		{AE693902-FEDA-4034-A7C5-9AA9872F7878}.Release|ARM.ActiveCfg = Release|Any CPU
		{AE693902-FEDA-4034-A7C5-9AA9872F7878}.Release|ARM.Build.0 = Release|Any CPU
		{AE693902-FEDA-4034-A7C5-9AA9872F7878}.Release|x64.ActiveCfg = Release|Any CPU
		{AE693902-FEDA-4034-A7C5-9AA9872F7878}.Release|x64.Build.0 = Release|Any CPU
		{AE693902-FEDA-4034-A7C5-9AA9872F7878}.Release|x86.ActiveCfg = Release|Any CPU
		{AE693902-FEDA-4034-A7C5-9AA9872F7878}.Release|x86.Build.0 = Release|Any CPU
		{46519792-2F00-4FB7-99EF-1465AC7B8994}.Debug|AnyCPU.ActiveCfg = Debug|Any CPU
		{46519792-2F00-4FB7-99EF-1465AC7B8994}.Debug|AnyCPU.Build.0 = Debug|Any CPU
		{46519792-2F00-4FB7-99EF-1465AC7B8994}.Debug|ARM.ActiveCfg = Debug|Any CPU
		{46519792-2F00-4FB7-99EF-1465AC7B8994}.Debug|ARM.Build.0 = Debug|Any CPU
		{46519792-2F00-4FB7-99EF-1465AC7B8994}.Debug|x64.ActiveCfg = Debug|Any CPU
		{46519792-2F00-4FB7-99EF-1465AC7B8994}.Debug|x64.Build.0 = Debug|Any CPU
		{46519792-2F00-4FB7-99EF-1465AC7B8994}.Debug|x86.ActiveCfg = Debug|Any CPU
		{46519792-2F00-4FB7-99EF-1465AC7B8994}.Debug|x86.Build.0 = Debug|Any CPU
		{46519792-2F00-4FB7-99EF-1465AC7B8994}.Release|AnyCPU.ActiveCfg = Release|Any CPU
		{46519792-2F00-4FB7-99EF-1465AC7B8994}.Release|AnyCPU.Build.0 = Release|Any CPU
		{46519792-2F00-4FB7-99EF-1465AC7B8994}.Release|ARM.ActiveCfg = Release|Any CPU
		{46519792-2F00-4FB7-99EF-1465AC7B8994}.Release|ARM.Build.0 = Release|Any CPU
		{46519792-2F00-4FB7-99EF-1465AC7B8994}.Release|x64.ActiveCfg = Release|Any CPU
		{46519792-2F00-4FB7-99EF-1465AC7B8994}.Release|x64.Build.0 = Release|Any CPU
		{46519792-2F00-4FB7-99EF-1465AC7B8994}.Release|x86.ActiveCfg = Release|Any CPU
		{46519792-2F00-4FB7-99EF-1465AC7B8994}.Release|x86.Build.0 = Release|Any CPU
	EndGlobalSection
	GlobalSection(SolutionProperties) = preSolution
		HideSolutionNode = FALSE
	EndGlobalSection
	GlobalSection(NestedProjects) = preSolution
		{512DB2DB-61A0-4723-A6AC-E9AE23243283} = {F7130D3D-4E62-4EB3-B74C-1E819E017048}
		{3F5F1E88-DA00-40C3-9F19-8582B5D516D7} = {F7130D3D-4E62-4EB3-B74C-1E819E017048}
		{81BB36D2-4D01-44E3-9024-E7CBD10DA316} = {F7130D3D-4E62-4EB3-B74C-1E819E017048}
		{53A4E033-F814-46CC-8105-DAC289524455} = {F7130D3D-4E62-4EB3-B74C-1E819E017048}
		{FF1A03F0-8C0C-4FAB-A229-42AD625B5456} = {F7130D3D-4E62-4EB3-B74C-1E819E017048}
		{46519792-2F00-4FB7-99EF-1465AC7B8994} = {F7130D3D-4E62-4EB3-B74C-1E819E017048}
	EndGlobalSection
	GlobalSection(ExtensibilityGlobals) = postSolution
		SolutionGuid = {22D684C3-0BD3-4D8A-AB23-748FB5527F6F}
	EndGlobalSection
	GlobalSection(Performance) = preSolution
		HasPerformanceSessions = true
	EndGlobalSection
	GlobalSection(MonoDevelopProperties) = preSolution
		Policies = $0
		$0.DotNetNamingPolicy = $1
		$1.DirectoryNamespaceAssociation = None
		$1.ResourceNamePolicy = FileFormatDefault
		$0.StandardHeader = $2
		$2.Text = 
		$2.IncludeInNewFiles = True
		$0.NameConventionPolicy = $3
		$3.Rules = $4
		$4.NamingRule = $5
		$5.AffectedEntity = None
		$5.VisibilityMask = VisibilityMask
		$5.NamingStyle = None
		$5.IncludeInstanceMembers = True
		$5.IncludeStaticEntities = True
	EndGlobalSection
EndGlobal
